// !$*UTF8*$!
{
	archiveVersion = 1;
	classes = {
	};
	objectVersion = 55;
	objects = {

/* Begin PBXBuildFile section */
		842C1C2D28530B120056130B /* UIView.swift in Sources */ = {isa = PBXBuildFile; fileRef = 842C1C2C28530B120056130B /* UIView.swift */; };
		842C1C2F28531F430056130B /* PexelsImageView.swift in Sources */ = {isa = PBXBuildFile; fileRef = 842C1C2E28531F430056130B /* PexelsImageView.swift */; };
		84525EA6283A9857005E5E6A /* AppDelegate.swift in Sources */ = {isa = PBXBuildFile; fileRef = 84525EA5283A9857005E5E6A /* AppDelegate.swift */; };
		84525EAA283A9857005E5E6A /* SettingsViewController.swift in Sources */ = {isa = PBXBuildFile; fileRef = 84525EA9283A9857005E5E6A /* SettingsViewController.swift */; };
		84525EAF283A9859005E5E6A /* Assets.xcassets in Resources */ = {isa = PBXBuildFile; fileRef = 84525EAE283A9859005E5E6A /* Assets.xcassets */; };
		84525EB2283A9859005E5E6A /* LaunchScreen.storyboard in Resources */ = {isa = PBXBuildFile; fileRef = 84525EB0283A9859005E5E6A /* LaunchScreen.storyboard */; };
		84525EBA283A9D6C005E5E6A /* TabBarStartViewController.swift in Sources */ = {isa = PBXBuildFile; fileRef = 84525EB9283A9D6C005E5E6A /* TabBarStartViewController.swift */; };
		84525EBC283A9E2D005E5E6A /* PhotoCollectionViewController.swift in Sources */ = {isa = PBXBuildFile; fileRef = 84525EBB283A9E2D005E5E6A /* PhotoCollectionViewController.swift */; };
		84525EBE283AA292005E5E6A /* FavoriteCollectionViewController.swift in Sources */ = {isa = PBXBuildFile; fileRef = 84525EBD283AA292005E5E6A /* FavoriteCollectionViewController.swift */; };
		84525EC7283DC15A005E5E6A /* Pexels.swift in Sources */ = {isa = PBXBuildFile; fileRef = 84525EC6283DC15A005E5E6A /* Pexels.swift */; };
		84525ECA283F6245005E5E6A /* PhotoViewCell.swift in Sources */ = {isa = PBXBuildFile; fileRef = 84525EC9283F6245005E5E6A /* PhotoViewCell.swift */; };
		84525ECD2841EBFA005E5E6A /* NetworkManager.swift in Sources */ = {isa = PBXBuildFile; fileRef = 84525ECC2841EBFA005E5E6A /* NetworkManager.swift */; };
		84A6078B2858BEFD003311A4 /* PhotoViewController.swift in Sources */ = {isa = PBXBuildFile; fileRef = 84A6078A2858BEFD003311A4 /* PhotoViewController.swift */; };
		84A6078E2860D92F003311A4 /* Pexels.xcdatamodeld in Sources */ = {isa = PBXBuildFile; fileRef = 84A6078C2860D92F003311A4 /* Pexels.xcdatamodeld */; };
		84A607902861F823003311A4 /* StorageManager.swift in Sources */ = {isa = PBXBuildFile; fileRef = 84A6078F2861F823003311A4 /* StorageManager.swift */; };
		84D14026284FB8FE00374A45 /* PhotoDetailsViewController.swift in Sources */ = {isa = PBXBuildFile; fileRef = 84D14025284FB8FE00374A45 /* PhotoDetailsViewController.swift */; };
		84D2BC8F288859640007F4B8 /* CollectionView.swift in Sources */ = {isa = PBXBuildFile; fileRef = 84D2BC8E288859640007F4B8 /* CollectionView.swift */; };
		84D2BC91288B17B60007F4B8 /* LoginViewController.swift in Sources */ = {isa = PBXBuildFile; fileRef = 84D2BC90288B17B60007F4B8 /* LoginViewController.swift */; };
		84D2BC93288EFDF80007F4B8 /* RootViewController.swift in Sources */ = {isa = PBXBuildFile; fileRef = 84D2BC92288EFDF80007F4B8 /* RootViewController.swift */; };
		AC9E466928D7955400141393 /* PhotoDetailsViewModel.swift in Sources */ = {isa = PBXBuildFile; fileRef = AC9E466828D7955400141393 /* PhotoDetailsViewModel.swift */; };
		ACA1DB9C28F7F5D2005DC078 /* PhotoViewModel.swift in Sources */ = {isa = PBXBuildFile; fileRef = ACA1DB9B28F7F5D2005DC078 /* PhotoViewModel.swift */; };
		ACAF447C28A978BF0053E5DC /* UserSettingsManager.swift in Sources */ = {isa = PBXBuildFile; fileRef = ACAF447B28A978BF0053E5DC /* UserSettingsManager.swift */; };
		ACC73BA128A6DEDE00E0C699 /* User.swift in Sources */ = {isa = PBXBuildFile; fileRef = ACC73BA028A6DEDE00E0C699 /* User.swift */; };
		F052EAFE8DC31F196B239A58 /* Pods_MyPexels.framework in Frameworks */ = {isa = PBXBuildFile; fileRef = 5514C95BCB175494A06E58CF /* Pods_MyPexels.framework */; };
/* End PBXBuildFile section */

/* Begin PBXFileReference section */
		5514C95BCB175494A06E58CF /* Pods_MyPexels.framework */ = {isa = PBXFileReference; explicitFileType = wrapper.framework; includeInIndex = 0; path = Pods_MyPexels.framework; sourceTree = BUILT_PRODUCTS_DIR; };
		5EF438F0F58FD7E44F7BE963 /* Pods-MyPexels.debug.xcconfig */ = {isa = PBXFileReference; includeInIndex = 1; lastKnownFileType = text.xcconfig; name = "Pods-MyPexels.debug.xcconfig"; path = "Target Support Files/Pods-MyPexels/Pods-MyPexels.debug.xcconfig"; sourceTree = "<group>"; };
		67799ED0AC123E714FB0672F /* Pods-MyPexels.release.xcconfig */ = {isa = PBXFileReference; includeInIndex = 1; lastKnownFileType = text.xcconfig; name = "Pods-MyPexels.release.xcconfig"; path = "Target Support Files/Pods-MyPexels/Pods-MyPexels.release.xcconfig"; sourceTree = "<group>"; };
		842C1C2C28530B120056130B /* UIView.swift */ = {isa = PBXFileReference; lastKnownFileType = sourcecode.swift; path = UIView.swift; sourceTree = "<group>"; };
		842C1C2E28531F430056130B /* PexelsImageView.swift */ = {isa = PBXFileReference; lastKnownFileType = sourcecode.swift; path = PexelsImageView.swift; sourceTree = "<group>"; };
		84525EA2283A9857005E5E6A /* MyPexels.app */ = {isa = PBXFileReference; explicitFileType = wrapper.application; includeInIndex = 0; path = MyPexels.app; sourceTree = BUILT_PRODUCTS_DIR; };
		84525EA5283A9857005E5E6A /* AppDelegate.swift */ = {isa = PBXFileReference; lastKnownFileType = sourcecode.swift; path = AppDelegate.swift; sourceTree = "<group>"; };
		84525EA9283A9857005E5E6A /* SettingsViewController.swift */ = {isa = PBXFileReference; lastKnownFileType = sourcecode.swift; path = SettingsViewController.swift; sourceTree = "<group>"; };
		84525EAE283A9859005E5E6A /* Assets.xcassets */ = {isa = PBXFileReference; lastKnownFileType = folder.assetcatalog; path = Assets.xcassets; sourceTree = "<group>"; };
		84525EB1283A9859005E5E6A /* Base */ = {isa = PBXFileReference; lastKnownFileType = file.storyboard; name = Base; path = Base.lproj/LaunchScreen.storyboard; sourceTree = "<group>"; };
		84525EB3283A9859005E5E6A /* Info.plist */ = {isa = PBXFileReference; lastKnownFileType = text.plist.xml; path = Info.plist; sourceTree = "<group>"; };
		84525EB9283A9D6C005E5E6A /* TabBarStartViewController.swift */ = {isa = PBXFileReference; lastKnownFileType = sourcecode.swift; path = TabBarStartViewController.swift; sourceTree = "<group>"; };
		84525EBB283A9E2D005E5E6A /* PhotoCollectionViewController.swift */ = {isa = PBXFileReference; lastKnownFileType = sourcecode.swift; path = PhotoCollectionViewController.swift; sourceTree = "<group>"; };
		84525EBD283AA292005E5E6A /* FavoriteCollectionViewController.swift */ = {isa = PBXFileReference; lastKnownFileType = sourcecode.swift; path = FavoriteCollectionViewController.swift; sourceTree = "<group>"; };
		84525EC6283DC15A005E5E6A /* Pexels.swift */ = {isa = PBXFileReference; lastKnownFileType = sourcecode.swift; path = Pexels.swift; sourceTree = "<group>"; };
		84525EC9283F6245005E5E6A /* PhotoViewCell.swift */ = {isa = PBXFileReference; lastKnownFileType = sourcecode.swift; path = PhotoViewCell.swift; sourceTree = "<group>"; };
		84525ECC2841EBFA005E5E6A /* NetworkManager.swift */ = {isa = PBXFileReference; lastKnownFileType = sourcecode.swift; path = NetworkManager.swift; sourceTree = "<group>"; };
		84A6078A2858BEFD003311A4 /* PhotoViewController.swift */ = {isa = PBXFileReference; lastKnownFileType = sourcecode.swift; path = PhotoViewController.swift; sourceTree = "<group>"; };
		84A6078D2860D92F003311A4 /* Pexels.xcdatamodel */ = {isa = PBXFileReference; lastKnownFileType = wrapper.xcdatamodel; path = Pexels.xcdatamodel; sourceTree = "<group>"; };
		84A6078F2861F823003311A4 /* StorageManager.swift */ = {isa = PBXFileReference; lastKnownFileType = sourcecode.swift; path = StorageManager.swift; sourceTree = "<group>"; };
		84D14025284FB8FE00374A45 /* PhotoDetailsViewController.swift */ = {isa = PBXFileReference; lastKnownFileType = sourcecode.swift; path = PhotoDetailsViewController.swift; sourceTree = "<group>"; };
		84D2BC8E288859640007F4B8 /* CollectionView.swift */ = {isa = PBXFileReference; lastKnownFileType = sourcecode.swift; path = CollectionView.swift; sourceTree = "<group>"; };
		84D2BC90288B17B60007F4B8 /* LoginViewController.swift */ = {isa = PBXFileReference; lastKnownFileType = sourcecode.swift; path = LoginViewController.swift; sourceTree = "<group>"; };
		84D2BC92288EFDF80007F4B8 /* RootViewController.swift */ = {isa = PBXFileReference; lastKnownFileType = sourcecode.swift; path = RootViewController.swift; sourceTree = "<group>"; };
		AC9E466828D7955400141393 /* PhotoDetailsViewModel.swift */ = {isa = PBXFileReference; lastKnownFileType = sourcecode.swift; path = PhotoDetailsViewModel.swift; sourceTree = "<group>"; };
		ACA1DB9B28F7F5D2005DC078 /* PhotoViewModel.swift */ = {isa = PBXFileReference; lastKnownFileType = sourcecode.swift; path = PhotoViewModel.swift; sourceTree = "<group>"; };
		ACAF447B28A978BF0053E5DC /* UserSettingsManager.swift */ = {isa = PBXFileReference; lastKnownFileType = sourcecode.swift; path = UserSettingsManager.swift; sourceTree = "<group>"; };
		ACC73BA028A6DEDE00E0C699 /* User.swift */ = {isa = PBXFileReference; lastKnownFileType = sourcecode.swift; path = User.swift; sourceTree = "<group>"; };
/* End PBXFileReference section */

/* Begin PBXFrameworksBuildPhase section */
		84525E9F283A9857005E5E6A /* Frameworks */ = {
			isa = PBXFrameworksBuildPhase;
			buildActionMask = 2147483647;
			files = (
				F052EAFE8DC31F196B239A58 /* Pods_MyPexels.framework in Frameworks */,
			);
			runOnlyForDeploymentPostprocessing = 0;
		};
/* End PBXFrameworksBuildPhase section */

/* Begin PBXGroup section */
		5C8E47DA8E62852736A0C2FD /* Frameworks */ = {
			isa = PBXGroup;
			children = (
				5514C95BCB175494A06E58CF /* Pods_MyPexels.framework */,
			);
			name = Frameworks;
			sourceTree = "<group>";
		};
		842C1C2B2853035B0056130B /* Utilities */ = {
			isa = PBXGroup;
			children = (
				842C1C2C28530B120056130B /* UIView.swift */,
			);
			path = Utilities;
			sourceTree = "<group>";
		};
		84525E99283A9857005E5E6A = {
			isa = PBXGroup;
			children = (
				84525EA4283A9857005E5E6A /* MyPexels */,
				84525EA3283A9857005E5E6A /* Products */,
				D608FDEE46D3540612D3BECE /* Pods */,
				5C8E47DA8E62852736A0C2FD /* Frameworks */,
			);
			sourceTree = "<group>";
		};
		84525EA3283A9857005E5E6A /* Products */ = {
			isa = PBXGroup;
			children = (
				84525EA2283A9857005E5E6A /* MyPexels.app */,
			);
			name = Products;
			sourceTree = "<group>";
		};
		84525EA4283A9857005E5E6A /* MyPexels */ = {
			isa = PBXGroup;
			children = (
				AC9E466728D7954400141393 /* PhotoDetails */,
				ACA1DB9A28F7F598005DC078 /* PhotoView */,
				84525EC3283D0DE9005E5E6A /* ViewControllers */,
				84525ECB283F624D005E5E6A /* View */,
				842C1C2B2853035B0056130B /* Utilities */,
				84525EC8283DC15E005E5E6A /* Models */,
				84525ECE2841EC07005E5E6A /* Services */,
				84525EC4283D11D2005E5E6A /* App */,
				84525EC5283D11DB005E5E6A /* Resources */,
			);
			path = MyPexels;
			sourceTree = "<group>";
		};
		84525EC3283D0DE9005E5E6A /* ViewControllers */ = {
			isa = PBXGroup;
			children = (
				84D2BC92288EFDF80007F4B8 /* RootViewController.swift */,
				84D2BC90288B17B60007F4B8 /* LoginViewController.swift */,
				84525EB9283A9D6C005E5E6A /* TabBarStartViewController.swift */,
				84525EBB283A9E2D005E5E6A /* PhotoCollectionViewController.swift */,
				84525EBD283AA292005E5E6A /* FavoriteCollectionViewController.swift */,
				84525EA9283A9857005E5E6A /* SettingsViewController.swift */,
			);
			path = ViewControllers;
			sourceTree = "<group>";
		};
		84525EC4283D11D2005E5E6A /* App */ = {
			isa = PBXGroup;
			children = (
				84525EA5283A9857005E5E6A /* AppDelegate.swift */,
				84525EB0283A9859005E5E6A /* LaunchScreen.storyboard */,
				84525EB3283A9859005E5E6A /* Info.plist */,
			);
			path = App;
			sourceTree = "<group>";
		};
		84525EC5283D11DB005E5E6A /* Resources */ = {
			isa = PBXGroup;
			children = (
				84525EAE283A9859005E5E6A /* Assets.xcassets */,
				84A6078C2860D92F003311A4 /* Pexels.xcdatamodeld */,
			);
			path = Resources;
			sourceTree = "<group>";
		};
		84525EC8283DC15E005E5E6A /* Models */ = {
			isa = PBXGroup;
			children = (
				84525EC6283DC15A005E5E6A /* Pexels.swift */,
				ACC73BA028A6DEDE00E0C699 /* User.swift */,
			);
			path = Models;
			sourceTree = "<group>";
		};
		84525ECB283F624D005E5E6A /* View */ = {
			isa = PBXGroup;
			children = (
				84525EC9283F6245005E5E6A /* PhotoViewCell.swift */,
				842C1C2E28531F430056130B /* PexelsImageView.swift */,
				84D2BC8E288859640007F4B8 /* CollectionView.swift */,
			);
			path = View;
			sourceTree = "<group>";
		};
		84525ECE2841EC07005E5E6A /* Services */ = {
			isa = PBXGroup;
			children = (
				84525ECC2841EBFA005E5E6A /* NetworkManager.swift */,
				84A6078F2861F823003311A4 /* StorageManager.swift */,
				ACAF447B28A978BF0053E5DC /* UserSettingsManager.swift */,
			);
			path = Services;
			sourceTree = "<group>";
		};
		AC9E466728D7954400141393 /* PhotoDetails */ = {
			isa = PBXGroup;
			children = (
				84D14025284FB8FE00374A45 /* PhotoDetailsViewController.swift */,
				AC9E466828D7955400141393 /* PhotoDetailsViewModel.swift */,
			);
			path = PhotoDetails;
			sourceTree = "<group>";
		};
		ACA1DB9A28F7F598005DC078 /* PhotoView */ = {
			isa = PBXGroup;
			children = (
				84A6078A2858BEFD003311A4 /* PhotoViewController.swift */,
				ACA1DB9B28F7F5D2005DC078 /* PhotoViewModel.swift */,
			);
			path = PhotoView;
			sourceTree = "<group>";
		};
		D608FDEE46D3540612D3BECE /* Pods */ = {
			isa = PBXGroup;
			children = (
				5EF438F0F58FD7E44F7BE963 /* Pods-MyPexels.debug.xcconfig */,
				67799ED0AC123E714FB0672F /* Pods-MyPexels.release.xcconfig */,
			);
			path = Pods;
			sourceTree = "<group>";
		};
/* End PBXGroup section */

/* Begin PBXNativeTarget section */
		84525EA1283A9857005E5E6A /* MyPexels */ = {
			isa = PBXNativeTarget;
			buildConfigurationList = 84525EB6283A9859005E5E6A /* Build configuration list for PBXNativeTarget "MyPexels" */;
			buildPhases = (
				2FEC312454B95A6790632C78 /* [CP] Check Pods Manifest.lock */,
				84525E9E283A9857005E5E6A /* Sources */,
				84525E9F283A9857005E5E6A /* Frameworks */,
				84525EA0283A9857005E5E6A /* Resources */,
				2C1BE7DD6124DBE589EC5F4E /* [CP] Embed Pods Frameworks */,
			);
			buildRules = (
			);
			dependencies = (
			);
			name = MyPexels;
			productName = MyPexels;
			productReference = 84525EA2283A9857005E5E6A /* MyPexels.app */;
			productType = "com.apple.product-type.application";
		};
/* End PBXNativeTarget section */

/* Begin PBXProject section */
		84525E9A283A9857005E5E6A /* Project object */ = {
			isa = PBXProject;
			attributes = {
				BuildIndependentTargetsInParallel = 1;
				LastSwiftUpdateCheck = 1340;
				LastUpgradeCheck = 1340;
				TargetAttributes = {
					84525EA1283A9857005E5E6A = {
						CreatedOnToolsVersion = 13.4;
					};
				};
			};
			buildConfigurationList = 84525E9D283A9857005E5E6A /* Build configuration list for PBXProject "MyPexels" */;
			compatibilityVersion = "Xcode 13.0";
			developmentRegion = en;
			hasScannedForEncodings = 0;
			knownRegions = (
				en,
				Base,
			);
			mainGroup = 84525E99283A9857005E5E6A;
			productRefGroup = 84525EA3283A9857005E5E6A /* Products */;
			projectDirPath = "";
			projectRoot = "";
			targets = (
				84525EA1283A9857005E5E6A /* MyPexels */,
			);
		};
/* End PBXProject section */

/* Begin PBXResourcesBuildPhase section */
		84525EA0283A9857005E5E6A /* Resources */ = {
			isa = PBXResourcesBuildPhase;
			buildActionMask = 2147483647;
			files = (
				84525EB2283A9859005E5E6A /* LaunchScreen.storyboard in Resources */,
				84525EAF283A9859005E5E6A /* Assets.xcassets in Resources */,
			);
			runOnlyForDeploymentPostprocessing = 0;
		};
/* End PBXResourcesBuildPhase section */

/* Begin PBXShellScriptBuildPhase section */
		2C1BE7DD6124DBE589EC5F4E /* [CP] Embed Pods Frameworks */ = {
			isa = PBXShellScriptBuildPhase;
			buildActionMask = 2147483647;
			files = (
			);
			inputFileListPaths = (
				"${PODS_ROOT}/Target Support Files/Pods-MyPexels/Pods-MyPexels-frameworks-${CONFIGURATION}-input-files.xcfilelist",
			);
			name = "[CP] Embed Pods Frameworks";
			outputFileListPaths = (
				"${PODS_ROOT}/Target Support Files/Pods-MyPexels/Pods-MyPexels-frameworks-${CONFIGURATION}-output-files.xcfilelist",
			);
			runOnlyForDeploymentPostprocessing = 0;
			shellPath = /bin/sh;
			shellScript = "\"${PODS_ROOT}/Target Support Files/Pods-MyPexels/Pods-MyPexels-frameworks.sh\"\n";
			showEnvVarsInLog = 0;
		};
		2FEC312454B95A6790632C78 /* [CP] Check Pods Manifest.lock */ = {
			isa = PBXShellScriptBuildPhase;
			buildActionMask = 2147483647;
			files = (
			);
			inputFileListPaths = (
			);
			inputPaths = (
				"${PODS_PODFILE_DIR_PATH}/Podfile.lock",
				"${PODS_ROOT}/Manifest.lock",
			);
			name = "[CP] Check Pods Manifest.lock";
			outputFileListPaths = (
			);
			outputPaths = (
				"$(DERIVED_FILE_DIR)/Pods-MyPexels-checkManifestLockResult.txt",
			);
			runOnlyForDeploymentPostprocessing = 0;
			shellPath = /bin/sh;
			shellScript = "diff \"${PODS_PODFILE_DIR_PATH}/Podfile.lock\" \"${PODS_ROOT}/Manifest.lock\" > /dev/null\nif [ $? != 0 ] ; then\n    # print error to STDERR\n    echo \"error: The sandbox is not in sync with the Podfile.lock. Run 'pod install' or update your CocoaPods installation.\" >&2\n    exit 1\nfi\n# This output is used by Xcode 'outputs' to avoid re-running this script phase.\necho \"SUCCESS\" > \"${SCRIPT_OUTPUT_FILE_0}\"\n";
			showEnvVarsInLog = 0;
		};
/* End PBXShellScriptBuildPhase section */

/* Begin PBXSourcesBuildPhase section */
		84525E9E283A9857005E5E6A /* Sources */ = {
			isa = PBXSourcesBuildPhase;
			buildActionMask = 2147483647;
			files = (
				84525EBE283AA292005E5E6A /* FavoriteCollectionViewController.swift in Sources */,
				84D2BC93288EFDF80007F4B8 /* RootViewController.swift in Sources */,
				842C1C2D28530B120056130B /* UIView.swift in Sources */,
				842C1C2F28531F430056130B /* PexelsImageView.swift in Sources */,
				84525ECA283F6245005E5E6A /* PhotoViewCell.swift in Sources */,
				84525EBA283A9D6C005E5E6A /* TabBarStartViewController.swift in Sources */,
				AC9E466928D7955400141393 /* PhotoDetailsViewModel.swift in Sources */,
				84D2BC8F288859640007F4B8 /* CollectionView.swift in Sources */,
				84525EC7283DC15A005E5E6A /* Pexels.swift in Sources */,
				84525ECD2841EBFA005E5E6A /* NetworkManager.swift in Sources */,
				84A6078E2860D92F003311A4 /* Pexels.xcdatamodeld in Sources */,
				84D14026284FB8FE00374A45 /* PhotoDetailsViewController.swift in Sources */,
				84525EBC283A9E2D005E5E6A /* PhotoCollectionViewController.swift in Sources */,
				ACAF447C28A978BF0053E5DC /* UserSettingsManager.swift in Sources */,
				84525EAA283A9857005E5E6A /* SettingsViewController.swift in Sources */,
				84D2BC91288B17B60007F4B8 /* LoginViewController.swift in Sources */,
				ACA1DB9C28F7F5D2005DC078 /* PhotoViewModel.swift in Sources */,
				84A607902861F823003311A4 /* StorageManager.swift in Sources */,
				84525EA6283A9857005E5E6A /* AppDelegate.swift in Sources */,
				84A6078B2858BEFD003311A4 /* PhotoViewController.swift in Sources */,
				ACC73BA128A6DEDE00E0C699 /* User.swift in Sources */,
			);
			runOnlyForDeploymentPostprocessing = 0;
		};
/* End PBXSourcesBuildPhase section */

/* Begin PBXVariantGroup section */
		84525EB0283A9859005E5E6A /* LaunchScreen.storyboard */ = {
			isa = PBXVariantGroup;
			children = (
				84525EB1283A9859005E5E6A /* Base */,
			);
			name = LaunchScreen.storyboard;
			sourceTree = "<group>";
		};
/* End PBXVariantGroup section */

/* Begin XCBuildConfiguration section */
		84525EB4283A9859005E5E6A /* Debug */ = {
			isa = XCBuildConfiguration;
			buildSettings = {
				ALWAYS_SEARCH_USER_PATHS = NO;
				CLANG_ANALYZER_NONNULL = YES;
				CLANG_ANALYZER_NUMBER_OBJECT_CONVERSION = YES_AGGRESSIVE;
				CLANG_CXX_LANGUAGE_STANDARD = "gnu++17";
				CLANG_ENABLE_MODULES = YES;
				CLANG_ENABLE_OBJC_ARC = YES;
				CLANG_ENABLE_OBJC_WEAK = YES;
				CLANG_WARN_BLOCK_CAPTURE_AUTORELEASING = YES;
				CLANG_WARN_BOOL_CONVERSION = YES;
				CLANG_WARN_COMMA = YES;
				CLANG_WARN_CONSTANT_CONVERSION = YES;
				CLANG_WARN_DEPRECATED_OBJC_IMPLEMENTATIONS = YES;
				CLANG_WARN_DIRECT_OBJC_ISA_USAGE = YES_ERROR;
				CLANG_WARN_DOCUMENTATION_COMMENTS = YES;
				CLANG_WARN_EMPTY_BODY = YES;
				CLANG_WARN_ENUM_CONVERSION = YES;
				CLANG_WARN_INFINITE_RECURSION = YES;
				CLANG_WARN_INT_CONVERSION = YES;
				CLANG_WARN_NON_LITERAL_NULL_CONVERSION = YES;
				CLANG_WARN_OBJC_IMPLICIT_RETAIN_SELF = YES;
				CLANG_WARN_OBJC_LITERAL_CONVERSION = YES;
				CLANG_WARN_OBJC_ROOT_CLASS = YES_ERROR;
				CLANG_WARN_QUOTED_INCLUDE_IN_FRAMEWORK_HEADER = YES;
				CLANG_WARN_RANGE_LOOP_ANALYSIS = YES;
				CLANG_WARN_STRICT_PROTOTYPES = YES;
				CLANG_WARN_SUSPICIOUS_MOVE = YES;
				CLANG_WARN_UNGUARDED_AVAILABILITY = YES_AGGRESSIVE;
				CLANG_WARN_UNREACHABLE_CODE = YES;
				CLANG_WARN__DUPLICATE_METHOD_MATCH = YES;
				COPY_PHASE_STRIP = NO;
				DEBUG_INFORMATION_FORMAT = dwarf;
				ENABLE_STRICT_OBJC_MSGSEND = YES;
				ENABLE_TESTABILITY = YES;
				GCC_C_LANGUAGE_STANDARD = gnu11;
				GCC_DYNAMIC_NO_PIC = NO;
				GCC_NO_COMMON_BLOCKS = YES;
				GCC_OPTIMIZATION_LEVEL = 0;
				GCC_PREPROCESSOR_DEFINITIONS = (
					"DEBUG=1",
					"$(inherited)",
				);
				GCC_WARN_64_TO_32_BIT_CONVERSION = YES;
				GCC_WARN_ABOUT_RETURN_TYPE = YES_ERROR;
				GCC_WARN_UNDECLARED_SELECTOR = YES;
				GCC_WARN_UNINITIALIZED_AUTOS = YES_AGGRESSIVE;
				GCC_WARN_UNUSED_FUNCTION = YES;
				GCC_WARN_UNUSED_VARIABLE = YES;
				IPHONEOS_DEPLOYMENT_TARGET = 15.5;
				MTL_ENABLE_DEBUG_INFO = INCLUDE_SOURCE;
				MTL_FAST_MATH = YES;
				ONLY_ACTIVE_ARCH = YES;
				SDKROOT = iphoneos;
				SWIFT_ACTIVE_COMPILATION_CONDITIONS = DEBUG;
				SWIFT_OPTIMIZATION_LEVEL = "-Onone";
			};
			name = Debug;
		};
		84525EB5283A9859005E5E6A /* Release */ = {
			isa = XCBuildConfiguration;
			buildSettings = {
				ALWAYS_SEARCH_USER_PATHS = NO;
				CLANG_ANALYZER_NONNULL = YES;
				CLANG_ANALYZER_NUMBER_OBJECT_CONVERSION = YES_AGGRESSIVE;
				CLANG_CXX_LANGUAGE_STANDARD = "gnu++17";
				CLANG_ENABLE_MODULES = YES;
				CLANG_ENABLE_OBJC_ARC = YES;
				CLANG_ENABLE_OBJC_WEAK = YES;
				CLANG_WARN_BLOCK_CAPTURE_AUTORELEASING = YES;
				CLANG_WARN_BOOL_CONVERSION = YES;
				CLANG_WARN_COMMA = YES;
				CLANG_WARN_CONSTANT_CONVERSION = YES;
				CLANG_WARN_DEPRECATED_OBJC_IMPLEMENTATIONS = YES;
				CLANG_WARN_DIRECT_OBJC_ISA_USAGE = YES_ERROR;
				CLANG_WARN_DOCUMENTATION_COMMENTS = YES;
				CLANG_WARN_EMPTY_BODY = YES;
				CLANG_WARN_ENUM_CONVERSION = YES;
				CLANG_WARN_INFINITE_RECURSION = YES;
				CLANG_WARN_INT_CONVERSION = YES;
				CLANG_WARN_NON_LITERAL_NULL_CONVERSION = YES;
				CLANG_WARN_OBJC_IMPLICIT_RETAIN_SELF = YES;
				CLANG_WARN_OBJC_LITERAL_CONVERSION = YES;
				CLANG_WARN_OBJC_ROOT_CLASS = YES_ERROR;
				CLANG_WARN_QUOTED_INCLUDE_IN_FRAMEWORK_HEADER = YES;
				CLANG_WARN_RANGE_LOOP_ANALYSIS = YES;
				CLANG_WARN_STRICT_PROTOTYPES = YES;
				CLANG_WARN_SUSPICIOUS_MOVE = YES;
				CLANG_WARN_UNGUARDED_AVAILABILITY = YES_AGGRESSIVE;
				CLANG_WARN_UNREACHABLE_CODE = YES;
				CLANG_WARN__DUPLICATE_METHOD_MATCH = YES;
				COPY_PHASE_STRIP = NO;
				DEBUG_INFORMATION_FORMAT = "dwarf-with-dsym";
				ENABLE_NS_ASSERTIONS = NO;
				ENABLE_STRICT_OBJC_MSGSEND = YES;
				GCC_C_LANGUAGE_STANDARD = gnu11;
				GCC_NO_COMMON_BLOCKS = YES;
				GCC_WARN_64_TO_32_BIT_CONVERSION = YES;
				GCC_WARN_ABOUT_RETURN_TYPE = YES_ERROR;
				GCC_WARN_UNDECLARED_SELECTOR = YES;
				GCC_WARN_UNINITIALIZED_AUTOS = YES_AGGRESSIVE;
				GCC_WARN_UNUSED_FUNCTION = YES;
				GCC_WARN_UNUSED_VARIABLE = YES;
				IPHONEOS_DEPLOYMENT_TARGET = 15.5;
				MTL_ENABLE_DEBUG_INFO = NO;
				MTL_FAST_MATH = YES;
				SDKROOT = iphoneos;
				SWIFT_COMPILATION_MODE = wholemodule;
				SWIFT_OPTIMIZATION_LEVEL = "-O";
				VALIDATE_PRODUCT = YES;
			};
			name = Release;
		};
		84525EB7283A9859005E5E6A /* Debug */ = {
			isa = XCBuildConfiguration;
			baseConfigurationReference = 5EF438F0F58FD7E44F7BE963 /* Pods-MyPexels.debug.xcconfig */;
			buildSettings = {
				ASSETCATALOG_COMPILER_APPICON_NAME = AppIcon;
				ASSETCATALOG_COMPILER_GLOBAL_ACCENT_COLOR_NAME = AccentColor;
				CODE_SIGN_STYLE = Automatic;
				CURRENT_PROJECT_VERSION = 1;
				DEVELOPMENT_TEAM = QQ7NB58NL6;
				GENERATE_INFOPLIST_FILE = YES;
				INFOPLIST_FILE = MyPexels/App/Info.plist;
				INFOPLIST_KEY_NSPhotoLibraryUsageDescription = Yes;
				INFOPLIST_KEY_UIApplicationSupportsIndirectInputEvents = YES;
				INFOPLIST_KEY_UILaunchStoryboardName = LaunchScreen;
				INFOPLIST_KEY_UISupportedInterfaceOrientations_iPad = "UIInterfaceOrientationPortrait UIInterfaceOrientationPortraitUpsideDown UIInterfaceOrientationLandscapeLeft UIInterfaceOrientationLandscapeRight";
				INFOPLIST_KEY_UISupportedInterfaceOrientations_iPhone = "UIInterfaceOrientationPortrait UIInterfaceOrientationLandscapeLeft UIInterfaceOrientationLandscapeRight";
				LD_RUNPATH_SEARCH_PATHS = (
					"$(inherited)",
					"@executable_path/Frameworks",
				);
				MARKETING_VERSION = 1.0;
				PRODUCT_BUNDLE_IDENTIFIER = ArtemPavlov.MyPexels;
				PRODUCT_NAME = "$(TARGET_NAME)";
				SWIFT_EMIT_LOC_STRINGS = YES;
				SWIFT_VERSION = 5.0;
				TARGETED_DEVICE_FAMILY = 1;
			};
			name = Debug;
		};
		84525EB8283A9859005E5E6A /* Release */ = {
			isa = XCBuildConfiguration;
			baseConfigurationReference = 67799ED0AC123E714FB0672F /* Pods-MyPexels.release.xcconfig */;
			buildSettings = {
				ASSETCATALOG_COMPILER_APPICON_NAME = AppIcon;
				ASSETCATALOG_COMPILER_GLOBAL_ACCENT_COLOR_NAME = AccentColor;
				CODE_SIGN_STYLE = Automatic;
				CURRENT_PROJECT_VERSION = 1;
				DEVELOPMENT_TEAM = QQ7NB58NL6;
				GENERATE_INFOPLIST_FILE = YES;
				INFOPLIST_FILE = MyPexels/App/Info.plist;
				INFOPLIST_KEY_NSPhotoLibraryUsageDescription = Yes;
				INFOPLIST_KEY_UIApplicationSupportsIndirectInputEvents = YES;
				INFOPLIST_KEY_UILaunchStoryboardName = LaunchScreen;
				INFOPLIST_KEY_UISupportedInterfaceOrientations_iPad = "UIInterfaceOrientationPortrait UIInterfaceOrientationPortraitUpsideDown UIInterfaceOrientationLandscapeLeft UIInterfaceOrientationLandscapeRight";
				INFOPLIST_KEY_UISupportedInterfaceOrientations_iPhone = "UIInterfaceOrientationPortrait UIInterfaceOrientationLandscapeLeft UIInterfaceOrientationLandscapeRight";
				LD_RUNPATH_SEARCH_PATHS = (
					"$(inherited)",
					"@executable_path/Frameworks",
				);
				MARKETING_VERSION = 1.0;
				PRODUCT_BUNDLE_IDENTIFIER = ArtemPavlov.MyPexels;
				PRODUCT_NAME = "$(TARGET_NAME)";
				SWIFT_EMIT_LOC_STRINGS = YES;
				SWIFT_VERSION = 5.0;
				TARGETED_DEVICE_FAMILY = 1;
			};
			name = Release;
		};
/* End XCBuildConfiguration section */

/* Begin XCConfigurationList section */
		84525E9D283A9857005E5E6A /* Build configuration list for PBXProject "MyPexels" */ = {
			isa = XCConfigurationList;
			buildConfigurations = (
				84525EB4283A9859005E5E6A /* Debug */,
				84525EB5283A9859005E5E6A /* Release */,
			);
			defaultConfigurationIsVisible = 0;
			defaultConfigurationName = Release;
		};
		84525EB6283A9859005E5E6A /* Build configuration list for PBXNativeTarget "MyPexels" */ = {
			isa = XCConfigurationList;
			buildConfigurations = (
				84525EB7283A9859005E5E6A /* Debug */,
				84525EB8283A9859005E5E6A /* Release */,
			);
			defaultConfigurationIsVisible = 0;
			defaultConfigurationName = Release;
		};
/* End XCConfigurationList section */

/* Begin XCVersionGroup section */
		84A6078C2860D92F003311A4 /* Pexels.xcdatamodeld */ = {
			isa = XCVersionGroup;
			children = (
				84A6078D2860D92F003311A4 /* Pexels.xcdatamodel */,
			);
			currentVersion = 84A6078D2860D92F003311A4 /* Pexels.xcdatamodel */;
			path = Pexels.xcdatamodeld;
			sourceTree = "<group>";
			versionGroupType = wrapper.xcdatamodel;
		};
/* End XCVersionGroup section */
	};
	rootObject = 84525E9A283A9857005E5E6A /* Project object */;
}
